
Microsoft Visual Studio Solution File, Format Version 12.00
# Visual Studio Version 17
VisualStudioVersion = 17.8.34322.80
MinimumVisualStudioVersion = 10.0.40219.1
Project("{FAE04EC0-301F-11D3-BF4B-00C04F79EFBC}") = "EsercizioTPSIT", "EsercizioTPSIT\EsercizioTPSIT.csproj", "{8CE91CBB-36EA-4D50-8A6F-1F0B05AA1732}"
EndProject
Global
	GlobalSection(SolutionConfigurationPlatforms) = preSolution
		Debug|Any CPU = Debug|Any CPU
		Release|Any CPU = Release|Any CPU
	EndGlobalSection
	GlobalSection(ProjectConfigurationPlatforms) = postSolution
		{8CE91CBB-36EA-4D50-8A6F-1F0B05AA1732}.Debug|Any CPU.ActiveCfg = Debug|Any CPU
		{8CE91CBB-36EA-4D50-8A6F-1F0B05AA1732}.Debug|Any CPU.Build.0 = Debug|Any CPU
		{8CE91CBB-36EA-4D50-8A6F-1F0B05AA1732}.Release|Any CPU.ActiveCfg = Release|Any CPU
		{8CE91CBB-36EA-4D50-8A6F-1F0B05AA1732}.Release|Any CPU.Build.0 = Release|Any CPU
	EndGlobalSection
	GlobalSection(SolutionProperties) = preSolution
		HideSolutionNode = FALSE
	EndGlobalSection
	GlobalSection(ExtensibilityGlobals) = postSolution
		SolutionGuid = {C87F037B-E1D2-4A68-B2FA-CE076CD6F8F6}
	EndGlobalSection
EndGlobal
